
Microsoft Visual Studio Solution File, Format Version 12.00
# Visual Studio Version 16
VisualStudioVersion = 16.0.30523.141
MinimumVisualStudioVersion = 10.0.40219.1
Project("{9A19103F-16F7-4668-BE54-9A1E7A4F7556}") = "CommandBindingTest", "BindingTest\CommandBindingTest.csproj", "{521647B6-161E-42E2-A2CD-85290BB0AF23}"
EndProject
Global
	GlobalSection(SolutionConfigurationPlatforms) = preSolution
		Debug|Any CPU = Debug|Any CPU
		Release|Any CPU = Release|Any CPU
	EndGlobalSection
	GlobalSection(ProjectConfigurationPlatforms) = postSolution
		{521647B6-161E-42E2-A2CD-85290BB0AF23}.Debug|Any CPU.ActiveCfg = Debug|Any CPU
		{521647B6-161E-42E2-A2CD-85290BB0AF23}.Debug|Any CPU.Build.0 = Debug|Any CPU
		{521647B6-161E-42E2-A2CD-85290BB0AF23}.Release|Any CPU.ActiveCfg = Release|Any CPU
		{521647B6-161E-42E2-A2CD-85290BB0AF23}.Release|Any CPU.Build.0 = Release|Any CPU
	EndGlobalSection
	GlobalSection(SolutionProperties) = preSolution
		HideSolutionNode = FALSE
	EndGlobalSection
	GlobalSection(ExtensibilityGlobals) = postSolution
		SolutionGuid = {15FED66D-6EE9-457B-AA9F-56D78B071F83}
	EndGlobalSection
EndGlobal
